
Microsoft Visual Studio Solution File, Format Version 12.00
# Visual Studio Version 16
VisualStudioVersion = 16.0.30114.105
MinimumVisualStudioVersion = 10.0.40219.1
Project("{9A19103F-16F7-4668-BE54-9A1E7A4F7556}") = "_build", "build\_build.csproj", "{0F9199D0-F2F4-4185-A271-41ACAE7E1BA4}"
EndProject
Project("{2150E333-8FDC-42A3-9474-1A3956D46DE8}") = "Solution Items", "Solution Items", "{8DC7D7D0-E1CA-437E-8086-242883CC9E59}"
	ProjectSection(SolutionItems) = preProject
		Jenkinsfile = Jenkinsfile
		LICENSE.md = LICENSE.md
		README.md = README.md
	EndProjectSection
EndProject
Global
	GlobalSection(SolutionConfigurationPlatforms) = preSolution
		Debug|Any CPU = Debug|Any CPU
		Release|Any CPU = Release|Any CPU
	EndGlobalSection
	GlobalSection(ProjectConfigurationPlatforms) = postSolution
		{0F9199D0-F2F4-4185-A271-41ACAE7E1BA4}.Debug|Any CPU.ActiveCfg = Debug|Any CPU
		{0F9199D0-F2F4-4185-A271-41ACAE7E1BA4}.Debug|Any CPU.Build.0 = Debug|Any CPU
		{0F9199D0-F2F4-4185-A271-41ACAE7E1BA4}.Release|Any CPU.ActiveCfg = Release|Any CPU
		{0F9199D0-F2F4-4185-A271-41ACAE7E1BA4}.Release|Any CPU.Build.0 = Release|Any CPU
	EndGlobalSection
	GlobalSection(SolutionProperties) = preSolution
		HideSolutionNode = FALSE
	EndGlobalSection
	GlobalSection(ExtensibilityGlobals) = postSolution
		SolutionGuid = {17674BA3-BD65-453E-8382-40BC9505C297}
	EndGlobalSection
EndGlobal
